// !$*UTF8*$!
{
	archiveVersion = 1;
	classes = {
	};
	objectVersion = 55;
	objects = {

/* Begin PBXBuildFile section */
		BD6F55A22724B53E0039D902 /* AppDelegate.swift in Sources */ = {isa = PBXBuildFile; fileRef = BD6F55A12724B53E0039D902 /* AppDelegate.swift */; };
		BD6F55A42724B53E0039D902 /* SceneDelegate.swift in Sources */ = {isa = PBXBuildFile; fileRef = BD6F55A32724B53E0039D902 /* SceneDelegate.swift */; };
		BD6F55A62724B53E0039D902 /* ViewController.swift in Sources */ = {isa = PBXBuildFile; fileRef = BD6F55A52724B53E0039D902 /* ViewController.swift */; };
		BD6F55A92724B53E0039D902 /* Main.storyboard in Resources */ = {isa = PBXBuildFile; fileRef = BD6F55A72724B53E0039D902 /* Main.storyboard */; };
		BD6F55AB2724B5400039D902 /* Assets.xcassets in Resources */ = {isa = PBXBuildFile; fileRef = BD6F55AA2724B5400039D902 /* Assets.xcassets */; };
		BD6F55AE2724B5400039D902 /* LaunchScreen.storyboard in Resources */ = {isa = PBXBuildFile; fileRef = BD6F55AC2724B5400039D902 /* LaunchScreen.storyboard */; };
		BD6F55B62724B6180039D902 /* LazyLoading.swift in Sources */ = {isa = PBXBuildFile; fileRef = BD6F55B52724B6180039D902 /* LazyLoading.swift */; };
		BD6F55BB2724B71B0039D902 /* AnimalDataModel.swift in Sources */ = {isa = PBXBuildFile; fileRef = BD6F55BA2724B71B0039D902 /* AnimalDataModel.swift */; };
		BD6F55BD2724B7E70039D902 /* NetworkManager.swift in Sources */ = {isa = PBXBuildFile; fileRef = BD6F55BC2724B7E70039D902 /* NetworkManager.swift */; };
		BD6F55C02724B87F0039D902 /* AnimalCell.swift in Sources */ = {isa = PBXBuildFile; fileRef = BD6F55BE2724B87F0039D902 /* AnimalCell.swift */; };
		BD6F55C12724B87F0039D902 /* AnimalCell.xib in Resources */ = {isa = PBXBuildFile; fileRef = BD6F55BF2724B87F0039D902 /* AnimalCell.xib */; };
		BD6F55C32724BA200039D902 /* AnimalDetail.swift in Sources */ = {isa = PBXBuildFile; fileRef = BD6F55C22724BA200039D902 /* AnimalDetail.swift */; };
/* End PBXBuildFile section */

/* Begin PBXFileReference section */
		BD6F559E2724B53E0039D902 /* Animal.app */ = {isa = PBXFileReference; explicitFileType = wrapper.application; includeInIndex = 0; path = Animal.app; sourceTree = BUILT_PRODUCTS_DIR; };
		BD6F55A12724B53E0039D902 /* AppDelegate.swift */ = {isa = PBXFileReference; lastKnownFileType = sourcecode.swift; path = AppDelegate.swift; sourceTree = "<group>"; };
		BD6F55A32724B53E0039D902 /* SceneDelegate.swift */ = {isa = PBXFileReference; lastKnownFileType = sourcecode.swift; path = SceneDelegate.swift; sourceTree = "<group>"; };
		BD6F55A52724B53E0039D902 /* ViewController.swift */ = {isa = PBXFileReference; lastKnownFileType = sourcecode.swift; path = ViewController.swift; sourceTree = "<group>"; };
		BD6F55A82724B53E0039D902 /* Base */ = {isa = PBXFileReference; lastKnownFileType = file.storyboard; name = Base; path = Base.lproj/Main.storyboard; sourceTree = "<group>"; };
		BD6F55AA2724B5400039D902 /* Assets.xcassets */ = {isa = PBXFileReference; lastKnownFileType = folder.assetcatalog; path = Assets.xcassets; sourceTree = "<group>"; };
		BD6F55AD2724B5400039D902 /* Base */ = {isa = PBXFileReference; lastKnownFileType = file.storyboard; name = Base; path = Base.lproj/LaunchScreen.storyboard; sourceTree = "<group>"; };
		BD6F55AF2724B5400039D902 /* Info.plist */ = {isa = PBXFileReference; lastKnownFileType = text.plist.xml; path = Info.plist; sourceTree = "<group>"; };
		BD6F55B52724B6180039D902 /* LazyLoading.swift */ = {isa = PBXFileReference; lastKnownFileType = sourcecode.swift; path = LazyLoading.swift; sourceTree = "<group>"; };
		BD6F55BA2724B71B0039D902 /* AnimalDataModel.swift */ = {isa = PBXFileReference; lastKnownFileType = sourcecode.swift; path = AnimalDataModel.swift; sourceTree = "<group>"; };
		BD6F55BC2724B7E70039D902 /* NetworkManager.swift */ = {isa = PBXFileReference; lastKnownFileType = sourcecode.swift; path = NetworkManager.swift; sourceTree = "<group>"; };
		BD6F55BE2724B87F0039D902 /* AnimalCell.swift */ = {isa = PBXFileReference; lastKnownFileType = sourcecode.swift; path = AnimalCell.swift; sourceTree = "<group>"; };
		BD6F55BF2724B87F0039D902 /* AnimalCell.xib */ = {isa = PBXFileReference; lastKnownFileType = file.xib; path = AnimalCell.xib; sourceTree = "<group>"; };
		BD6F55C22724BA200039D902 /* AnimalDetail.swift */ = {isa = PBXFileReference; lastKnownFileType = sourcecode.swift; path = AnimalDetail.swift; sourceTree = "<group>"; };
/* End PBXFileReference section */

/* Begin PBXFrameworksBuildPhase section */
		BD6F559B2724B53E0039D902 /* Frameworks */ = {
			isa = PBXFrameworksBuildPhase;
			buildActionMask = 2147483647;
			files = (
			);
			runOnlyForDeploymentPostprocessing = 0;
		};
/* End PBXFrameworksBuildPhase section */

/* Begin PBXGroup section */
		BD6F55952724B53E0039D902 = {
			isa = PBXGroup;
			children = (
				BD6F55A02724B53E0039D902 /* Animal */,
				BD6F559F2724B53E0039D902 /* Products */,
			);
			sourceTree = "<group>";
		};
		BD6F559F2724B53E0039D902 /* Products */ = {
			isa = PBXGroup;
			children = (
				BD6F559E2724B53E0039D902 /* Animal.app */,
			);
			name = Products;
			sourceTree = "<group>";
		};
		BD6F55A02724B53E0039D902 /* Animal */ = {
			isa = PBXGroup;
			children = (
				BD6F55B92724B6D70039D902 /* Controller */,
				BD6F55B82724B6CC0039D902 /* View */,
				BD6F55B72724B6C30039D902 /* Model */,
				BD6F55A12724B53E0039D902 /* AppDelegate.swift */,
				BD6F55A32724B53E0039D902 /* SceneDelegate.swift */,
				BD6F55A72724B53E0039D902 /* Main.storyboard */,
				BD6F55AA2724B5400039D902 /* Assets.xcassets */,
				BD6F55AC2724B5400039D902 /* LaunchScreen.storyboard */,
				BD6F55AF2724B5400039D902 /* Info.plist */,
			);
			path = Animal;
			sourceTree = "<group>";
		};
		BD6F55B72724B6C30039D902 /* Model */ = {
			isa = PBXGroup;
			children = (
				BD6F55BA2724B71B0039D902 /* AnimalDataModel.swift */,
			);
			path = Model;
			sourceTree = "<group>";
		};
		BD6F55B82724B6CC0039D902 /* View */ = {
			isa = PBXGroup;
			children = (
				BD6F55B52724B6180039D902 /* LazyLoading.swift */,
				BD6F55A52724B53E0039D902 /* ViewController.swift */,
				BD6F55BE2724B87F0039D902 /* AnimalCell.swift */,
				BD6F55BF2724B87F0039D902 /* AnimalCell.xib */,
				BD6F55C22724BA200039D902 /* AnimalDetail.swift */,
			);
			path = View;
			sourceTree = "<group>";
		};
		BD6F55B92724B6D70039D902 /* Controller */ = {
			isa = PBXGroup;
			children = (
				BD6F55BC2724B7E70039D902 /* NetworkManager.swift */,
			);
			path = Controller;
			sourceTree = "<group>";
		};
/* End PBXGroup section */

/* Begin PBXNativeTarget section */
		BD6F559D2724B53E0039D902 /* Animal */ = {
			isa = PBXNativeTarget;
			buildConfigurationList = BD6F55B22724B5400039D902 /* Build configuration list for PBXNativeTarget "Animal" */;
			buildPhases = (
				BD6F559A2724B53E0039D902 /* Sources */,
				BD6F559B2724B53E0039D902 /* Frameworks */,
				BD6F559C2724B53E0039D902 /* Resources */,
			);
			buildRules = (
			);
			dependencies = (
			);
			name = Animal;
			productName = Animal;
			productReference = BD6F559E2724B53E0039D902 /* Animal.app */;
			productType = "com.apple.product-type.application";
		};
/* End PBXNativeTarget section */

/* Begin PBXProject section */
		BD6F55962724B53E0039D902 /* Project object */ = {
			isa = PBXProject;
			attributes = {
				BuildIndependentTargetsInParallel = 1;
				LastSwiftUpdateCheck = 1300;
				LastUpgradeCheck = 1300;
				TargetAttributes = {
					BD6F559D2724B53E0039D902 = {
						CreatedOnToolsVersion = 13.0;
					};
				};
			};
			buildConfigurationList = BD6F55992724B53E0039D902 /* Build configuration list for PBXProject "Animal" */;
			compatibilityVersion = "Xcode 13.0";
			developmentRegion = en;
			hasScannedForEncodings = 0;
			knownRegions = (
				en,
				Base,
			);
			mainGroup = BD6F55952724B53E0039D902;
			productRefGroup = BD6F559F2724B53E0039D902 /* Products */;
			projectDirPath = "";
			projectRoot = "";
			targets = (
				BD6F559D2724B53E0039D902 /* Animal */,
			);
		};
/* End PBXProject section */

/* Begin PBXResourcesBuildPhase section */
		BD6F559C2724B53E0039D902 /* Resources */ = {
			isa = PBXResourcesBuildPhase;
			buildActionMask = 2147483647;
			files = (
				BD6F55AE2724B5400039D902 /* LaunchScreen.storyboard in Resources */,
				BD6F55C12724B87F0039D902 /* AnimalCell.xib in Resources */,
				BD6F55AB2724B5400039D902 /* Assets.xcassets in Resources */,
				BD6F55A92724B53E0039D902 /* Main.storyboard in Resources */,
			);
			runOnlyForDeploymentPostprocessing = 0;
		};
/* End PBXResourcesBuildPhase section */

/* Begin PBXSourcesBuildPhase section */
		BD6F559A2724B53E0039D902 /* Sources */ = {
			isa = PBXSourcesBuildPhase;
			buildActionMask = 2147483647;
			files = (
				BD6F55BD2724B7E70039D902 /* NetworkManager.swift in Sources */,
				BD6F55BB2724B71B0039D902 /* AnimalDataModel.swift in Sources */,
				BD6F55C32724BA200039D902 /* AnimalDetail.swift in Sources */,
				BD6F55A62724B53E0039D902 /* ViewController.swift in Sources */,
				BD6F55A22724B53E0039D902 /* AppDelegate.swift in Sources */,
				BD6F55B62724B6180039D902 /* LazyLoading.swift in Sources */,
				BD6F55A42724B53E0039D902 /* SceneDelegate.swift in Sources */,
				BD6F55C02724B87F0039D902 /* AnimalCell.swift in Sources */,
			);
			runOnlyForDeploymentPostprocessing = 0;
		};
/* End PBXSourcesBuildPhase section */

/* Begin PBXVariantGroup section */
		BD6F55A72724B53E0039D902 /* Main.storyboard */ = {
			isa = PBXVariantGroup;
			children = (
				BD6F55A82724B53E0039D902 /* Base */,
			);
			name = Main.storyboard;
			sourceTree = "<group>";
		};
		BD6F55AC2724B5400039D902 /* LaunchScreen.storyboard */ = {
			isa = PBXVariantGroup;
			children = (
				BD6F55AD2724B5400039D902 /* Base */,
			);
			name = LaunchScreen.storyboard;
			sourceTree = "<group>";
		};
/* End PBXVariantGroup section */

/* Begin XCBuildConfiguration section */
		BD6F55B02724B5400039D902 /* Debug */ = {
			isa = XCBuildConfiguration;
			buildSettings = {
				ALWAYS_SEARCH_USER_PATHS = NO;
				CLANG_ANALYZER_NONNULL = YES;
				CLANG_ANALYZER_NUMBER_OBJECT_CONVERSION = YES_AGGRESSIVE;
				CLANG_CXX_LANGUAGE_STANDARD = "gnu++17";
				CLANG_CXX_LIBRARY = "libc++";
				CLANG_ENABLE_MODULES = YES;
				CLANG_ENABLE_OBJC_ARC = YES;
				CLANG_ENABLE_OBJC_WEAK = YES;
				CLANG_WARN_BLOCK_CAPTURE_AUTORELEASING = YES;
				CLANG_WARN_BOOL_CONVERSION = YES;
				CLANG_WARN_COMMA = YES;
				CLANG_WARN_CONSTANT_CONVERSION = YES;
				CLANG_WARN_DEPRECATED_OBJC_IMPLEMENTATIONS = YES;
				CLANG_WARN_DIRECT_OBJC_ISA_USAGE = YES_ERROR;
				CLANG_WARN_DOCUMENTATION_COMMENTS = YES;
				CLANG_WARN_EMPTY_BODY = YES;
				CLANG_WARN_ENUM_CONVERSION = YES;
				CLANG_WARN_INFINITE_RECURSION = YES;
				CLANG_WARN_INT_CONVERSION = YES;
				CLANG_WARN_NON_LITERAL_NULL_CONVERSION = YES;
				CLANG_WARN_OBJC_IMPLICIT_RETAIN_SELF = YES;
				CLANG_WARN_OBJC_LITERAL_CONVERSION = YES;
				CLANG_WARN_OBJC_ROOT_CLASS = YES_ERROR;
				CLANG_WARN_QUOTED_INCLUDE_IN_FRAMEWORK_HEADER = YES;
				CLANG_WARN_RANGE_LOOP_ANALYSIS = YES;
				CLANG_WARN_STRICT_PROTOTYPES = YES;
				CLANG_WARN_SUSPICIOUS_MOVE = YES;
				CLANG_WARN_UNGUARDED_AVAILABILITY = YES_AGGRESSIVE;
				CLANG_WARN_UNREACHABLE_CODE = YES;
				CLANG_WARN__DUPLICATE_METHOD_MATCH = YES;
				COPY_PHASE_STRIP = NO;
				DEBUG_INFORMATION_FORMAT = dwarf;
				ENABLE_STRICT_OBJC_MSGSEND = YES;
				ENABLE_TESTABILITY = YES;
				GCC_C_LANGUAGE_STANDARD = gnu11;
				GCC_DYNAMIC_NO_PIC = NO;
				GCC_NO_COMMON_BLOCKS = YES;
				GCC_OPTIMIZATION_LEVEL = 0;
				GCC_PREPROCESSOR_DEFINITIONS = (
					"DEBUG=1",
					"$(inherited)",
				);
				GCC_WARN_64_TO_32_BIT_CONVERSION = YES;
				GCC_WARN_ABOUT_RETURN_TYPE = YES_ERROR;
				GCC_WARN_UNDECLARED_SELECTOR = YES;
				GCC_WARN_UNINITIALIZED_AUTOS = YES_AGGRESSIVE;
				GCC_WARN_UNUSED_FUNCTION = YES;
				GCC_WARN_UNUSED_VARIABLE = YES;
				IPHONEOS_DEPLOYMENT_TARGET = 15.0;
				MTL_ENABLE_DEBUG_INFO = INCLUDE_SOURCE;
				MTL_FAST_MATH = YES;
				ONLY_ACTIVE_ARCH = YES;
				SDKROOT = iphoneos;
				SWIFT_ACTIVE_COMPILATION_CONDITIONS = DEBUG;
				SWIFT_OPTIMIZATION_LEVEL = "-Onone";
			};
			name = Debug;
		};
		BD6F55B12724B5400039D902 /* Release */ = {
			isa = XCBuildConfiguration;
			buildSettings = {
				ALWAYS_SEARCH_USER_PATHS = NO;
				CLANG_ANALYZER_NONNULL = YES;
				CLANG_ANALYZER_NUMBER_OBJECT_CONVERSION = YES_AGGRESSIVE;
				CLANG_CXX_LANGUAGE_STANDARD = "gnu++17";
				CLANG_CXX_LIBRARY = "libc++";
				CLANG_ENABLE_MODULES = YES;
				CLANG_ENABLE_OBJC_ARC = YES;
				CLANG_ENABLE_OBJC_WEAK = YES;
				CLANG_WARN_BLOCK_CAPTURE_AUTORELEASING = YES;
				CLANG_WARN_BOOL_CONVERSION = YES;
				CLANG_WARN_COMMA = YES;
				CLANG_WARN_CONSTANT_CONVERSION = YES;
				CLANG_WARN_DEPRECATED_OBJC_IMPLEMENTATIONS = YES;
				CLANG_WARN_DIRECT_OBJC_ISA_USAGE = YES_ERROR;
				CLANG_WARN_DOCUMENTATION_COMMENTS = YES;
				CLANG_WARN_EMPTY_BODY = YES;
				CLANG_WARN_ENUM_CONVERSION = YES;
				CLANG_WARN_INFINITE_RECURSION = YES;
				CLANG_WARN_INT_CONVERSION = YES;
				CLANG_WARN_NON_LITERAL_NULL_CONVERSION = YES;
				CLANG_WARN_OBJC_IMPLICIT_RETAIN_SELF = YES;
				CLANG_WARN_OBJC_LITERAL_CONVERSION = YES;
				CLANG_WARN_OBJC_ROOT_CLASS = YES_ERROR;
				CLANG_WARN_QUOTED_INCLUDE_IN_FRAMEWORK_HEADER = YES;
				CLANG_WARN_RANGE_LOOP_ANALYSIS = YES;
				CLANG_WARN_STRICT_PROTOTYPES = YES;
				CLANG_WARN_SUSPICIOUS_MOVE = YES;
				CLANG_WARN_UNGUARDED_AVAILABILITY = YES_AGGRESSIVE;
				CLANG_WARN_UNREACHABLE_CODE = YES;
				CLANG_WARN__DUPLICATE_METHOD_MATCH = YES;
				COPY_PHASE_STRIP = NO;
				DEBUG_INFORMATION_FORMAT = "dwarf-with-dsym";
				ENABLE_NS_ASSERTIONS = NO;
				ENABLE_STRICT_OBJC_MSGSEND = YES;
				GCC_C_LANGUAGE_STANDARD = gnu11;
				GCC_NO_COMMON_BLOCKS = YES;
				GCC_WARN_64_TO_32_BIT_CONVERSION = YES;
				GCC_WARN_ABOUT_RETURN_TYPE = YES_ERROR;
				GCC_WARN_UNDECLARED_SELECTOR = YES;
				GCC_WARN_UNINITIALIZED_AUTOS = YES_AGGRESSIVE;
				GCC_WARN_UNUSED_FUNCTION = YES;
				GCC_WARN_UNUSED_VARIABLE = YES;
				IPHONEOS_DEPLOYMENT_TARGET = 15.0;
				MTL_ENABLE_DEBUG_INFO = NO;
				MTL_FAST_MATH = YES;
				SDKROOT = iphoneos;
				SWIFT_COMPILATION_MODE = wholemodule;
				SWIFT_OPTIMIZATION_LEVEL = "-O";
				VALIDATE_PRODUCT = YES;
			};
			name = Release;
		};
		BD6F55B32724B5400039D902 /* Debug */ = {
			isa = XCBuildConfiguration;
			buildSettings = {
				ASSETCATALOG_COMPILER_APPICON_NAME = AppIcon;
				ASSETCATALOG_COMPILER_GLOBAL_ACCENT_COLOR_NAME = AccentColor;
				CODE_SIGN_STYLE = Automatic;
				CURRENT_PROJECT_VERSION = 1;
				DEVELOPMENT_TEAM = A2AL553RHN;
				GENERATE_INFOPLIST_FILE = YES;
				INFOPLIST_FILE = Animal/Info.plist;
				INFOPLIST_KEY_UIApplicationSupportsIndirectInputEvents = YES;
				INFOPLIST_KEY_UILaunchStoryboardName = LaunchScreen;
				INFOPLIST_KEY_UIMainStoryboardFile = Main;
				INFOPLIST_KEY_UISupportedInterfaceOrientations_iPad = "UIInterfaceOrientationPortrait UIInterfaceOrientationPortraitUpsideDown UIInterfaceOrientationLandscapeLeft UIInterfaceOrientationLandscapeRight";
				INFOPLIST_KEY_UISupportedInterfaceOrientations_iPhone = "UIInterfaceOrientationPortrait UIInterfaceOrientationLandscapeLeft UIInterfaceOrientationLandscapeRight";
				LD_RUNPATH_SEARCH_PATHS = (
					"$(inherited)",
					"@executable_path/Frameworks",
				);
				MARKETING_VERSION = 1.0;
				PRODUCT_BUNDLE_IDENTIFIER = com.ikenna.Animal;
				PRODUCT_NAME = "$(TARGET_NAME)";
				SWIFT_EMIT_LOC_STRINGS = YES;
				SWIFT_VERSION = 5.0;
				TARGETED_DEVICE_FAMILY = "1,2";
			};
			name = Debug;
		};
		BD6F55B42724B5400039D902 /* Release */ = {
			isa = XCBuildConfiguration;
			buildSettings = {
				ASSETCATALOG_COMPILER_APPICON_NAME = AppIcon;
				ASSETCATALOG_COMPILER_GLOBAL_ACCENT_COLOR_NAME = AccentColor;
				CODE_SIGN_STYLE = Automatic;
				CURRENT_PROJECT_VERSION = 1;
				DEVELOPMENT_TEAM = A2AL553RHN;
				GENERATE_INFOPLIST_FILE = YES;
				INFOPLIST_FILE = Animal/Info.plist;
				INFOPLIST_KEY_UIApplicationSupportsIndirectInputEvents = YES;
				INFOPLIST_KEY_UILaunchStoryboardName = LaunchScreen;
				INFOPLIST_KEY_UIMainStoryboardFile = Main;
				INFOPLIST_KEY_UISupportedInterfaceOrientations_iPad = "UIInterfaceOrientationPortrait UIInterfaceOrientationPortraitUpsideDown UIInterfaceOrientationLandscapeLeft UIInterfaceOrientationLandscapeRight";
				INFOPLIST_KEY_UISupportedInterfaceOrientations_iPhone = "UIInterfaceOrientationPortrait UIInterfaceOrientationLandscapeLeft UIInterfaceOrientationLandscapeRight";
				LD_RUNPATH_SEARCH_PATHS = (
					"$(inherited)",
					"@executable_path/Frameworks",
				);
				MARKETING_VERSION = 1.0;
				PRODUCT_BUNDLE_IDENTIFIER = com.ikenna.Animal;
				PRODUCT_NAME = "$(TARGET_NAME)";
				SWIFT_EMIT_LOC_STRINGS = YES;
				SWIFT_VERSION = 5.0;
				TARGETED_DEVICE_FAMILY = "1,2";
			};
			name = Release;
		};
/* End XCBuildConfiguration section */

/* Begin XCConfigurationList section */
		BD6F55992724B53E0039D902 /* Build configuration list for PBXProject "Animal" */ = {
			isa = XCConfigurationList;
			buildConfigurations = (
				BD6F55B02724B5400039D902 /* Debug */,
				BD6F55B12724B5400039D902 /* Release */,
			);
			defaultConfigurationIsVisible = 0;
			defaultConfigurationName = Release;
		};
		BD6F55B22724B5400039D902 /* Build configuration list for PBXNativeTarget "Animal" */ = {
			isa = XCConfigurationList;
			buildConfigurations = (
				BD6F55B32724B5400039D902 /* Debug */,
				BD6F55B42724B5400039D902 /* Release */,
			);
			defaultConfigurationIsVisible = 0;
			defaultConfigurationName = Release;
		};
/* End XCConfigurationList section */
	};
	rootObject = BD6F55962724B53E0039D902 /* Project object */;
}
